// !$*UTF8*$!
{
	archiveVersion = 1;
	classes = {
	};
	objectVersion = 48;
	objects = {

/* Begin PBXBuildFile section */
		19F02025212B1370007080DB /* vcViewController.m in Sources */ = {isa = PBXBuildFile; fileRef = 19F02024212B1370007080DB /* vcViewController.m */; };
		19F02029212B14E1007080DB /* propertyCellCollectionViewCell.m in Sources */ = {isa = PBXBuildFile; fileRef = 19F02027212B14E1007080DB /* propertyCellCollectionViewCell.m */; };
		19F0202A212B14E1007080DB /* propertyCellCollectionViewCell.xib in Resources */ = {isa = PBXBuildFile; fileRef = 19F02028212B14E1007080DB /* propertyCellCollectionViewCell.xib */; };
		19FC63AA2129247100D03995 /* AppDelegate.m in Sources */ = {isa = PBXBuildFile; fileRef = 19FC63A92129247100D03995 /* AppDelegate.m */; };
		19FC63AD2129247100D03995 /* ViewController.m in Sources */ = {isa = PBXBuildFile; fileRef = 19FC63AC2129247100D03995 /* ViewController.m */; };
		19FC63B02129247100D03995 /* Main.storyboard in Resources */ = {isa = PBXBuildFile; fileRef = 19FC63AE2129247100D03995 /* Main.storyboard */; };
		19FC63B32129247100D03995 /* customControl.xcdatamodeld in Sources */ = {isa = PBXBuildFile; fileRef = 19FC63B12129247100D03995 /* customControl.xcdatamodeld */; };
		19FC63B52129247100D03995 /* Assets.xcassets in Resources */ = {isa = PBXBuildFile; fileRef = 19FC63B42129247100D03995 /* Assets.xcassets */; };
		19FC63B82129247100D03995 /* LaunchScreen.storyboard in Resources */ = {isa = PBXBuildFile; fileRef = 19FC63B62129247100D03995 /* LaunchScreen.storyboard */; };
		19FC63BB2129247100D03995 /* main.m in Sources */ = {isa = PBXBuildFile; fileRef = 19FC63BA2129247100D03995 /* main.m */; };
		19FC63C32129256B00D03995 /* customSegment.m in Sources */ = {isa = PBXBuildFile; fileRef = 19FC63C22129256B00D03995 /* customSegment.m */; };
		19FC63C5212938AA00D03995 /* customSegment.xib in Resources */ = {isa = PBXBuildFile; fileRef = 19FC63C4212938AA00D03995 /* customSegment.xib */; };
/* End PBXBuildFile section */

/* Begin PBXFileReference section */
		19F02023212B136F007080DB /* vcViewController.h */ = {isa = PBXFileReference; lastKnownFileType = sourcecode.c.h; path = vcViewController.h; sourceTree = "<group>"; };
		19F02024212B1370007080DB /* vcViewController.m */ = {isa = PBXFileReference; lastKnownFileType = sourcecode.c.objc; path = vcViewController.m; sourceTree = "<group>"; };
		19F02026212B14E1007080DB /* propertyCellCollectionViewCell.h */ = {isa = PBXFileReference; lastKnownFileType = sourcecode.c.h; path = propertyCellCollectionViewCell.h; sourceTree = "<group>"; };
		19F02027212B14E1007080DB /* propertyCellCollectionViewCell.m */ = {isa = PBXFileReference; lastKnownFileType = sourcecode.c.objc; path = propertyCellCollectionViewCell.m; sourceTree = "<group>"; };
		19F02028212B14E1007080DB /* propertyCellCollectionViewCell.xib */ = {isa = PBXFileReference; lastKnownFileType = file.xib; path = propertyCellCollectionViewCell.xib; sourceTree = "<group>"; };
		19FC63A52129247100D03995 /* customControl.app */ = {isa = PBXFileReference; explicitFileType = wrapper.application; includeInIndex = 0; path = customControl.app; sourceTree = BUILT_PRODUCTS_DIR; };
		19FC63A82129247100D03995 /* AppDelegate.h */ = {isa = PBXFileReference; lastKnownFileType = sourcecode.c.h; path = AppDelegate.h; sourceTree = "<group>"; };
		19FC63A92129247100D03995 /* AppDelegate.m */ = {isa = PBXFileReference; lastKnownFileType = sourcecode.c.objc; path = AppDelegate.m; sourceTree = "<group>"; };
		19FC63AB2129247100D03995 /* ViewController.h */ = {isa = PBXFileReference; lastKnownFileType = sourcecode.c.h; path = ViewController.h; sourceTree = "<group>"; };
		19FC63AC2129247100D03995 /* ViewController.m */ = {isa = PBXFileReference; lastKnownFileType = sourcecode.c.objc; path = ViewController.m; sourceTree = "<group>"; };
		19FC63AF2129247100D03995 /* Base */ = {isa = PBXFileReference; lastKnownFileType = file.storyboard; name = Base; path = Base.lproj/Main.storyboard; sourceTree = "<group>"; };
		19FC63B22129247100D03995 /* customControl.xcdatamodel */ = {isa = PBXFileReference; lastKnownFileType = wrapper.xcdatamodel; path = customControl.xcdatamodel; sourceTree = "<group>"; };
		19FC63B42129247100D03995 /* Assets.xcassets */ = {isa = PBXFileReference; lastKnownFileType = folder.assetcatalog; path = Assets.xcassets; sourceTree = "<group>"; };
		19FC63B72129247100D03995 /* Base */ = {isa = PBXFileReference; lastKnownFileType = file.storyboard; name = Base; path = Base.lproj/LaunchScreen.storyboard; sourceTree = "<group>"; };
		19FC63B92129247100D03995 /* Info.plist */ = {isa = PBXFileReference; lastKnownFileType = text.plist.xml; path = Info.plist; sourceTree = "<group>"; };
		19FC63BA2129247100D03995 /* main.m */ = {isa = PBXFileReference; lastKnownFileType = sourcecode.c.objc; path = main.m; sourceTree = "<group>"; };
		19FC63C12129256B00D03995 /* customSegment.h */ = {isa = PBXFileReference; lastKnownFileType = sourcecode.c.h; path = customSegment.h; sourceTree = "<group>"; };
		19FC63C22129256B00D03995 /* customSegment.m */ = {isa = PBXFileReference; lastKnownFileType = sourcecode.c.objc; path = customSegment.m; sourceTree = "<group>"; };
		19FC63C4212938AA00D03995 /* customSegment.xib */ = {isa = PBXFileReference; lastKnownFileType = file.xib; path = customSegment.xib; sourceTree = "<group>"; };
/* End PBXFileReference section */

/* Begin PBXFrameworksBuildPhase section */
		19FC63A22129247100D03995 /* Frameworks */ = {
			isa = PBXFrameworksBuildPhase;
			buildActionMask = 2147483647;
			files = (
			);
			runOnlyForDeploymentPostprocessing = 0;
		};
/* End PBXFrameworksBuildPhase section */

/* Begin PBXGroup section */
		19FC639C2129247100D03995 = {
			isa = PBXGroup;
			children = (
				19FC63A72129247100D03995 /* customControl */,
				19FC63A62129247100D03995 /* Products */,
			);
			sourceTree = "<group>";
		};
		19FC63A62129247100D03995 /* Products */ = {
			isa = PBXGroup;
			children = (
				19FC63A52129247100D03995 /* customControl.app */,
			);
			name = Products;
			sourceTree = "<group>";
		};
		19FC63A72129247100D03995 /* customControl */ = {
			isa = PBXGroup;
			children = (
				19FC63A82129247100D03995 /* AppDelegate.h */,
				19FC63A92129247100D03995 /* AppDelegate.m */,
				19FC63AB2129247100D03995 /* ViewController.h */,
				19FC63AC2129247100D03995 /* ViewController.m */,
				19FC63C12129256B00D03995 /* customSegment.h */,
				19FC63C22129256B00D03995 /* customSegment.m */,
				19FC63C4212938AA00D03995 /* customSegment.xib */,
				19FC63AE2129247100D03995 /* Main.storyboard */,
				19F02026212B14E1007080DB /* propertyCellCollectionViewCell.h */,
				19F02027212B14E1007080DB /* propertyCellCollectionViewCell.m */,
				19F02028212B14E1007080DB /* propertyCellCollectionViewCell.xib */,
				19F02023212B136F007080DB /* vcViewController.h */,
				19F02024212B1370007080DB /* vcViewController.m */,
				19FC63B42129247100D03995 /* Assets.xcassets */,
				19FC63B62129247100D03995 /* LaunchScreen.storyboard */,
				19FC63B92129247100D03995 /* Info.plist */,
				19FC63BA2129247100D03995 /* main.m */,
				19FC63B12129247100D03995 /* customControl.xcdatamodeld */,
			);
			path = customControl;
			sourceTree = "<group>";
		};
/* End PBXGroup section */

/* Begin PBXNativeTarget section */
		19FC63A42129247100D03995 /* customControl */ = {
			isa = PBXNativeTarget;
			buildConfigurationList = 19FC63BE2129247100D03995 /* Build configuration list for PBXNativeTarget "customControl" */;
			buildPhases = (
				19FC63A12129247100D03995 /* Sources */,
				19FC63A22129247100D03995 /* Frameworks */,
				19FC63A32129247100D03995 /* Resources */,
			);
			buildRules = (
			);
			dependencies = (
			);
			name = customControl;
			productName = customControl;
			productReference = 19FC63A52129247100D03995 /* customControl.app */;
			productType = "com.apple.product-type.application";
		};
/* End PBXNativeTarget section */

/* Begin PBXProject section */
		19FC639D2129247100D03995 /* Project object */ = {
			isa = PBXProject;
			attributes = {
				LastUpgradeCheck = 0910;
				ORGANIZATIONNAME = "Gaurav Amrutiya";
				TargetAttributes = {
					19FC63A42129247100D03995 = {
						CreatedOnToolsVersion = 9.1;
						ProvisioningStyle = Automatic;
					};
				};
			};
			buildConfigurationList = 19FC63A02129247100D03995 /* Build configuration list for PBXProject "customControl" */;
			compatibilityVersion = "Xcode 8.0";
			developmentRegion = en;
			hasScannedForEncodings = 0;
			knownRegions = (
				en,
				Base,
			);
			mainGroup = 19FC639C2129247100D03995;
			productRefGroup = 19FC63A62129247100D03995 /* Products */;
			projectDirPath = "";
			projectRoot = "";
			targets = (
				19FC63A42129247100D03995 /* customControl */,
			);
		};
/* End PBXProject section */

/* Begin PBXResourcesBuildPhase section */
		19FC63A32129247100D03995 /* Resources */ = {
			isa = PBXResourcesBuildPhase;
			buildActionMask = 2147483647;
			files = (
				19F0202A212B14E1007080DB /* propertyCellCollectionViewCell.xib in Resources */,
				19FC63C5212938AA00D03995 /* customSegment.xib in Resources */,
				19FC63B82129247100D03995 /* LaunchScreen.storyboard in Resources */,
				19FC63B52129247100D03995 /* Assets.xcassets in Resources */,
				19FC63B02129247100D03995 /* Main.storyboard in Resources */,
			);
			runOnlyForDeploymentPostprocessing = 0;
		};
/* End PBXResourcesBuildPhase section */

/* Begin PBXSourcesBuildPhase section */
		19FC63A12129247100D03995 /* Sources */ = {
			isa = PBXSourcesBuildPhase;
			buildActionMask = 2147483647;
			files = (
				19F02029212B14E1007080DB /* propertyCellCollectionViewCell.m in Sources */,
				19FC63AD2129247100D03995 /* ViewController.m in Sources */,
				19FC63AA2129247100D03995 /* AppDelegate.m in Sources */,
				19FC63BB2129247100D03995 /* main.m in Sources */,
				19F02025212B1370007080DB /* vcViewController.m in Sources */,
				19FC63C32129256B00D03995 /* customSegment.m in Sources */,
				19FC63B32129247100D03995 /* customControl.xcdatamodeld in Sources */,
			);
			runOnlyForDeploymentPostprocessing = 0;
		};
/* End PBXSourcesBuildPhase section */

/* Begin PBXVariantGroup section */
		19FC63AE2129247100D03995 /* Main.storyboard */ = {
			isa = PBXVariantGroup;
			children = (
				19FC63AF2129247100D03995 /* Base */,
			);
			name = Main.storyboard;
			sourceTree = "<group>";
		};
		19FC63B62129247100D03995 /* LaunchScreen.storyboard */ = {
			isa = PBXVariantGroup;
			children = (
				19FC63B72129247100D03995 /* Base */,
			);
			name = LaunchScreen.storyboard;
			sourceTree = "<group>";
		};
/* End PBXVariantGroup section */

/* Begin XCBuildConfiguration section */
		19FC63BC2129247100D03995 /* Debug */ = {
			isa = XCBuildConfiguration;
			buildSettings = {
				ALWAYS_SEARCH_USER_PATHS = NO;
				CLANG_ANALYZER_NONNULL = YES;
				CLANG_ANALYZER_NUMBER_OBJECT_CONVERSION = YES_AGGRESSIVE;
				CLANG_CXX_LANGUAGE_STANDARD = "gnu++14";
				CLANG_CXX_LIBRARY = "libc++";
				CLANG_ENABLE_MODULES = YES;
				CLANG_ENABLE_OBJC_ARC = YES;
				CLANG_WARN_BLOCK_CAPTURE_AUTORELEASING = YES;
				CLANG_WARN_BOOL_CONVERSION = YES;
				CLANG_WARN_COMMA = YES;
				CLANG_WARN_CONSTANT_CONVERSION = YES;
				CLANG_WARN_DIRECT_OBJC_ISA_USAGE = YES_ERROR;
				CLANG_WARN_DOCUMENTATION_COMMENTS = YES;
				CLANG_WARN_EMPTY_BODY = YES;
				CLANG_WARN_ENUM_CONVERSION = YES;
				CLANG_WARN_INFINITE_RECURSION = YES;
				CLANG_WARN_INT_CONVERSION = YES;
				CLANG_WARN_NON_LITERAL_NULL_CONVERSION = YES;
				CLANG_WARN_OBJC_LITERAL_CONVERSION = YES;
				CLANG_WARN_OBJC_ROOT_CLASS = YES_ERROR;
				CLANG_WARN_RANGE_LOOP_ANALYSIS = YES;
				CLANG_WARN_STRICT_PROTOTYPES = YES;
				CLANG_WARN_SUSPICIOUS_MOVE = YES;
				CLANG_WARN_UNGUARDED_AVAILABILITY = YES_AGGRESSIVE;
				CLANG_WARN_UNREACHABLE_CODE = YES;
				CLANG_WARN__DUPLICATE_METHOD_MATCH = YES;
				CODE_SIGN_IDENTITY = "iPhone Developer";
				COPY_PHASE_STRIP = NO;
				DEBUG_INFORMATION_FORMAT = dwarf;
				ENABLE_STRICT_OBJC_MSGSEND = YES;
				ENABLE_TESTABILITY = YES;
				GCC_C_LANGUAGE_STANDARD = gnu11;
				GCC_DYNAMIC_NO_PIC = NO;
				GCC_NO_COMMON_BLOCKS = YES;
				GCC_OPTIMIZATION_LEVEL = 0;
				GCC_PREPROCESSOR_DEFINITIONS = (
					"DEBUG=1",
					"$(inherited)",
				);
				GCC_WARN_64_TO_32_BIT_CONVERSION = YES;
				GCC_WARN_ABOUT_RETURN_TYPE = YES_ERROR;
				GCC_WARN_UNDECLARED_SELECTOR = YES;
				GCC_WARN_UNINITIALIZED_AUTOS = YES_AGGRESSIVE;
				GCC_WARN_UNUSED_FUNCTION = YES;
				GCC_WARN_UNUSED_VARIABLE = YES;
				IPHONEOS_DEPLOYMENT_TARGET = 11.1;
				MTL_ENABLE_DEBUG_INFO = YES;
				ONLY_ACTIVE_ARCH = YES;
				SDKROOT = iphoneos;
			};
			name = Debug;
		};
		19FC63BD2129247100D03995 /* Release */ = {
			isa = XCBuildConfiguration;
			buildSettings = {
				ALWAYS_SEARCH_USER_PATHS = NO;
				CLANG_ANALYZER_NONNULL = YES;
				CLANG_ANALYZER_NUMBER_OBJECT_CONVERSION = YES_AGGRESSIVE;
				CLANG_CXX_LANGUAGE_STANDARD = "gnu++14";
				CLANG_CXX_LIBRARY = "libc++";
				CLANG_ENABLE_MODULES = YES;
				CLANG_ENABLE_OBJC_ARC = YES;
				CLANG_WARN_BLOCK_CAPTURE_AUTORELEASING = YES;
				CLANG_WARN_BOOL_CONVERSION = YES;
				CLANG_WARN_COMMA = YES;
				CLANG_WARN_CONSTANT_CONVERSION = YES;
				CLANG_WARN_DIRECT_OBJC_ISA_USAGE = YES_ERROR;
				CLANG_WARN_DOCUMENTATION_COMMENTS = YES;
				CLANG_WARN_EMPTY_BODY = YES;
				CLANG_WARN_ENUM_CONVERSION = YES;
				CLANG_WARN_INFINITE_RECURSION = YES;
				CLANG_WARN_INT_CONVERSION = YES;
				CLANG_WARN_NON_LITERAL_NULL_CONVERSION = YES;
				CLANG_WARN_OBJC_LITERAL_CONVERSION = YES;
				CLANG_WARN_OBJC_ROOT_CLASS = YES_ERROR;
				CLANG_WARN_RANGE_LOOP_ANALYSIS = YES;
				CLANG_WARN_STRICT_PROTOTYPES = YES;
				CLANG_WARN_SUSPICIOUS_MOVE = YES;
				CLANG_WARN_UNGUARDED_AVAILABILITY = YES_AGGRESSIVE;
				CLANG_WARN_UNREACHABLE_CODE = YES;
				CLANG_WARN__DUPLICATE_METHOD_MATCH = YES;
				CODE_SIGN_IDENTITY = "iPhone Developer";
				COPY_PHASE_STRIP = NO;
				DEBUG_INFORMATION_FORMAT = "dwarf-with-dsym";
				ENABLE_NS_ASSERTIONS = NO;
				ENABLE_STRICT_OBJC_MSGSEND = YES;
				GCC_C_LANGUAGE_STANDARD = gnu11;
				GCC_NO_COMMON_BLOCKS = YES;
				GCC_WARN_64_TO_32_BIT_CONVERSION = YES;
				GCC_WARN_ABOUT_RETURN_TYPE = YES_ERROR;
				GCC_WARN_UNDECLARED_SELECTOR = YES;
				GCC_WARN_UNINITIALIZED_AUTOS = YES_AGGRESSIVE;
				GCC_WARN_UNUSED_FUNCTION = YES;
				GCC_WARN_UNUSED_VARIABLE = YES;
				IPHONEOS_DEPLOYMENT_TARGET = 11.1;
				MTL_ENABLE_DEBUG_INFO = NO;
				SDKROOT = iphoneos;
				VALIDATE_PRODUCT = YES;
			};
			name = Release;
		};
		19FC63BF2129247100D03995 /* Debug */ = {
			isa = XCBuildConfiguration;
			buildSettings = {
				ASSETCATALOG_COMPILER_APPICON_NAME = AppIcon;
				CODE_SIGN_STYLE = Automatic;
				DEVELOPMENT_TEAM = SM9B9XSU4H;
				INFOPLIST_FILE = customControl/Info.plist;
				LD_RUNPATH_SEARCH_PATHS = "$(inherited) @executable_path/Frameworks";
				PRODUCT_BUNDLE_IDENTIFIER = COM.customControl;
				PRODUCT_NAME = "$(TARGET_NAME)";
				TARGETED_DEVICE_FAMILY = "1,2";
			};
			name = Debug;
		};
		19FC63C02129247100D03995 /* Release */ = {
			isa = XCBuildConfiguration;
			buildSettings = {
				ASSETCATALOG_COMPILER_APPICON_NAME = AppIcon;
				CODE_SIGN_STYLE = Automatic;
				DEVELOPMENT_TEAM = SM9B9XSU4H;
				INFOPLIST_FILE = customControl/Info.plist;
				LD_RUNPATH_SEARCH_PATHS = "$(inherited) @executable_path/Frameworks";
				PRODUCT_BUNDLE_IDENTIFIER = COM.customControl;
				PRODUCT_NAME = "$(TARGET_NAME)";
				TARGETED_DEVICE_FAMILY = "1,2";
			};
			name = Release;
		};
/* End XCBuildConfiguration section */

/* Begin XCConfigurationList section */
		19FC63A02129247100D03995 /* Build configuration list for PBXProject "customControl" */ = {
			isa = XCConfigurationList;
			buildConfigurations = (
				19FC63BC2129247100D03995 /* Debug */,
				19FC63BD2129247100D03995 /* Release */,
			);
			defaultConfigurationIsVisible = 0;
			defaultConfigurationName = Release;
		};
		19FC63BE2129247100D03995 /* Build configuration list for PBXNativeTarget "customControl" */ = {
			isa = XCConfigurationList;
			buildConfigurations = (
				19FC63BF2129247100D03995 /* Debug */,
				19FC63C02129247100D03995 /* Release */,
			);
			defaultConfigurationIsVisible = 0;
			defaultConfigurationName = Release;
		};
/* End XCConfigurationList section */

/* Begin XCVersionGroup section */
		19FC63B12129247100D03995 /* customControl.xcdatamodeld */ = {
			isa = XCVersionGroup;
			children = (
				19FC63B22129247100D03995 /* customControl.xcdatamodel */,
			);
			currentVersion = 19FC63B22129247100D03995 /* customControl.xcdatamodel */;
			path = customControl.xcdatamodeld;
			sourceTree = "<group>";
			versionGroupType = wrapper.xcdatamodel;
		};
/* End XCVersionGroup section */
	};
	rootObject = 19FC639D2129247100D03995 /* Project object */;
}
